// !$*UTF8*$!
{
	archiveVersion = 1;
	classes = {
	};
	objectVersion = 55;
	objects = {

/* Begin PBXBuildFile section */
		CA001D112824460300736D2E /* HelpScreen.swift in Sources */ = {isa = PBXBuildFile; fileRef = CA001D102824460300736D2E /* HelpScreen.swift */; };
		CA001D132824461100736D2E /* CurrentOrderScreen.swift in Sources */ = {isa = PBXBuildFile; fileRef = CA001D122824461100736D2E /* CurrentOrderScreen.swift */; };
		CA001D15282453A200736D2E /* OrderInfoScreen.swift in Sources */ = {isa = PBXBuildFile; fileRef = CA001D14282453A200736D2E /* OrderInfoScreen.swift */; };
		CA49CF4528232F860063B161 /* GoogleService-Info.plist in Resources */ = {isa = PBXBuildFile; fileRef = CA49CF4428232F860063B161 /* GoogleService-Info.plist */; };
		CA49CF61282335DD0063B161 /* FirebaseAnalytics in Frameworks */ = {isa = PBXBuildFile; productRef = CA49CF60282335DD0063B161 /* FirebaseAnalytics */; };
		CA49CF63282335DD0063B161 /* FirebaseAnalyticsSwift in Frameworks */ = {isa = PBXBuildFile; productRef = CA49CF62282335DD0063B161 /* FirebaseAnalyticsSwift */; };
		CA49CF65282335DD0063B161 /* FirebaseDatabase in Frameworks */ = {isa = PBXBuildFile; productRef = CA49CF64282335DD0063B161 /* FirebaseDatabase */; };
		CA49CF67282335DD0063B161 /* FirebaseDatabaseSwift in Frameworks */ = {isa = PBXBuildFile; productRef = CA49CF66282335DD0063B161 /* FirebaseDatabaseSwift */; };
		CA56F90228136E2600470A40 /* TUeatsApp.swift in Sources */ = {isa = PBXBuildFile; fileRef = CA56F90128136E2600470A40 /* TUeatsApp.swift */; };
		CA56F90428136E2600470A40 /* ContentView.swift in Sources */ = {isa = PBXBuildFile; fileRef = CA56F90328136E2600470A40 /* ContentView.swift */; };
		CA56F90628136E2800470A40 /* Assets.xcassets in Resources */ = {isa = PBXBuildFile; fileRef = CA56F90528136E2800470A40 /* Assets.xcassets */; };
		CA56F90928136E2800470A40 /* Preview Assets.xcassets in Resources */ = {isa = PBXBuildFile; fileRef = CA56F90828136E2800470A40 /* Preview Assets.xcassets */; };
		CA56F9132813B84C00470A40 /* Extensions.swift in Sources */ = {isa = PBXBuildFile; fileRef = CA56F9122813B84C00470A40 /* Extensions.swift */; };
		CA9F57862817346500EE583D /* WrappingHStack in Frameworks */ = {isa = PBXBuildFile; productRef = CA9F57852817346500EE583D /* WrappingHStack */; };
		CA9F578A2818FF8900EE583D /* Data.swift in Sources */ = {isa = PBXBuildFile; fileRef = CA9F57892818FF8900EE583D /* Data.swift */; };
		CA9F578C281903EF00EE583D /* LoginScreen.swift in Sources */ = {isa = PBXBuildFile; fileRef = CA9F578B281903EF00EE583D /* LoginScreen.swift */; };
		CA9F578E2819043900EE583D /* MainScreen.swift in Sources */ = {isa = PBXBuildFile; fileRef = CA9F578D2819043900EE583D /* MainScreen.swift */; };
		CA9F5790281904C500EE583D /* ProductScreen.swift in Sources */ = {isa = PBXBuildFile; fileRef = CA9F578F281904C500EE583D /* ProductScreen.swift */; };
		CA9F57922819054F00EE583D /* CartScreen.swift in Sources */ = {isa = PBXBuildFile; fileRef = CA9F57912819054F00EE583D /* CartScreen.swift */; };
/* End PBXBuildFile section */

/* Begin PBXFileReference section */
		CA001D102824460300736D2E /* HelpScreen.swift */ = {isa = PBXFileReference; fileEncoding = 4; lastKnownFileType = sourcecode.swift; path = HelpScreen.swift; sourceTree = "<group>"; };
		CA001D122824461100736D2E /* CurrentOrderScreen.swift */ = {isa = PBXFileReference; fileEncoding = 4; lastKnownFileType = sourcecode.swift; path = CurrentOrderScreen.swift; sourceTree = "<group>"; };
		CA001D14282453A200736D2E /* OrderInfoScreen.swift */ = {isa = PBXFileReference; fileEncoding = 4; lastKnownFileType = sourcecode.swift; path = OrderInfoScreen.swift; sourceTree = "<group>"; };
		CA49CF4428232F860063B161 /* GoogleService-Info.plist */ = {isa = PBXFileReference; fileEncoding = 4; lastKnownFileType = text.plist.xml; path = "GoogleService-Info.plist"; sourceTree = "<group>"; };
		CA56F8FE28136E2600470A40 /* TUeats.app */ = {isa = PBXFileReference; explicitFileType = wrapper.application; includeInIndex = 0; path = TUeats.app; sourceTree = BUILT_PRODUCTS_DIR; };
		CA56F90128136E2600470A40 /* TUeatsApp.swift */ = {isa = PBXFileReference; lastKnownFileType = sourcecode.swift; path = TUeatsApp.swift; sourceTree = "<group>"; };
		CA56F90328136E2600470A40 /* ContentView.swift */ = {isa = PBXFileReference; lastKnownFileType = sourcecode.swift; path = ContentView.swift; sourceTree = "<group>"; };
		CA56F90528136E2800470A40 /* Assets.xcassets */ = {isa = PBXFileReference; lastKnownFileType = folder.assetcatalog; path = Assets.xcassets; sourceTree = "<group>"; };
		CA56F90828136E2800470A40 /* Preview Assets.xcassets */ = {isa = PBXFileReference; lastKnownFileType = folder.assetcatalog; path = "Preview Assets.xcassets"; sourceTree = "<group>"; };
		CA56F9122813B84C00470A40 /* Extensions.swift */ = {isa = PBXFileReference; lastKnownFileType = sourcecode.swift; path = Extensions.swift; sourceTree = "<group>"; };
		CA9F57892818FF8900EE583D /* Data.swift */ = {isa = PBXFileReference; lastKnownFileType = sourcecode.swift; path = Data.swift; sourceTree = "<group>"; };
		CA9F578B281903EF00EE583D /* LoginScreen.swift */ = {isa = PBXFileReference; lastKnownFileType = sourcecode.swift; path = LoginScreen.swift; sourceTree = "<group>"; };
		CA9F578D2819043900EE583D /* MainScreen.swift */ = {isa = PBXFileReference; lastKnownFileType = sourcecode.swift; path = MainScreen.swift; sourceTree = "<group>"; };
		CA9F578F281904C500EE583D /* ProductScreen.swift */ = {isa = PBXFileReference; lastKnownFileType = sourcecode.swift; path = ProductScreen.swift; sourceTree = "<group>"; };
		CA9F57912819054F00EE583D /* CartScreen.swift */ = {isa = PBXFileReference; lastKnownFileType = sourcecode.swift; path = CartScreen.swift; sourceTree = "<group>"; };
/* End PBXFileReference section */

/* Begin PBXFrameworksBuildPhase section */
		CA56F8FB28136E2600470A40 /* Frameworks */ = {
			isa = PBXFrameworksBuildPhase;
			buildActionMask = 2147483647;
			files = (
				CA49CF67282335DD0063B161 /* FirebaseDatabaseSwift in Frameworks */,
				CA49CF63282335DD0063B161 /* FirebaseAnalyticsSwift in Frameworks */,
				CA49CF61282335DD0063B161 /* FirebaseAnalytics in Frameworks */,
				CA49CF65282335DD0063B161 /* FirebaseDatabase in Frameworks */,
				CA9F57862817346500EE583D /* WrappingHStack in Frameworks */,
			);
			runOnlyForDeploymentPostprocessing = 0;
		};
/* End PBXFrameworksBuildPhase section */

/* Begin PBXGroup section */
		CA56F8F528136E2600470A40 = {
			isa = PBXGroup;
			children = (
				CA56F90028136E2600470A40 /* TUeats */,
				CA56F8FF28136E2600470A40 /* Products */,
			);
			sourceTree = "<group>";
		};
		CA56F8FF28136E2600470A40 /* Products */ = {
			isa = PBXGroup;
			children = (
				CA56F8FE28136E2600470A40 /* TUeats.app */,
			);
			name = Products;
			sourceTree = "<group>";
		};
		CA56F90028136E2600470A40 /* TUeats */ = {
			isa = PBXGroup;
			children = (
				CA49CF4428232F860063B161 /* GoogleService-Info.plist */,
				CA56F90128136E2600470A40 /* TUeatsApp.swift */,
				CA56F90328136E2600470A40 /* ContentView.swift */,
				CA9F578B281903EF00EE583D /* LoginScreen.swift */,
				CA9F578D2819043900EE583D /* MainScreen.swift */,
				CA9F578F281904C500EE583D /* ProductScreen.swift */,
				CA9F57912819054F00EE583D /* CartScreen.swift */,
				CA001D14282453A200736D2E /* OrderInfoScreen.swift */,
				CA001D122824461100736D2E /* CurrentOrderScreen.swift */,
				CA001D102824460300736D2E /* HelpScreen.swift */,
				CA56F90528136E2800470A40 /* Assets.xcassets */,
				CA56F90728136E2800470A40 /* Preview Content */,
				CA56F9122813B84C00470A40 /* Extensions.swift */,
				CA9F57892818FF8900EE583D /* Data.swift */,
			);
			path = TUeats;
			sourceTree = "<group>";
		};
		CA56F90728136E2800470A40 /* Preview Content */ = {
			isa = PBXGroup;
			children = (
				CA56F90828136E2800470A40 /* Preview Assets.xcassets */,
			);
			path = "Preview Content";
			sourceTree = "<group>";
		};
/* End PBXGroup section */

/* Begin PBXNativeTarget section */
		CA56F8FD28136E2600470A40 /* TUeats */ = {
			isa = PBXNativeTarget;
			buildConfigurationList = CA56F90C28136E2800470A40 /* Build configuration list for PBXNativeTarget "TUeats" */;
			buildPhases = (
				CA56F8FA28136E2600470A40 /* Sources */,
				CA56F8FB28136E2600470A40 /* Frameworks */,
				CA56F8FC28136E2600470A40 /* Resources */,
			);
			buildRules = (
			);
			dependencies = (
			);
			name = TUeats;
			packageProductDependencies = (
				CA9F57852817346500EE583D /* WrappingHStack */,
				CA49CF60282335DD0063B161 /* FirebaseAnalytics */,
				CA49CF62282335DD0063B161 /* FirebaseAnalyticsSwift */,
				CA49CF64282335DD0063B161 /* FirebaseDatabase */,
				CA49CF66282335DD0063B161 /* FirebaseDatabaseSwift */,
			);
			productName = TUeats;
			productReference = CA56F8FE28136E2600470A40 /* TUeats.app */;
			productType = "com.apple.product-type.application";
		};
/* End PBXNativeTarget section */

/* Begin PBXProject section */
		CA56F8F628136E2600470A40 /* Project object */ = {
			isa = PBXProject;
			attributes = {
				BuildIndependentTargetsInParallel = 1;
				LastSwiftUpdateCheck = 1330;
				LastUpgradeCheck = 1330;
				TargetAttributes = {
					CA56F8FD28136E2600470A40 = {
						CreatedOnToolsVersion = 13.3.1;
					};
				};
			};
			buildConfigurationList = CA56F8F928136E2600470A40 /* Build configuration list for PBXProject "TUeats" */;
			compatibilityVersion = "Xcode 13.0";
			developmentRegion = en;
			hasScannedForEncodings = 0;
			knownRegions = (
				en,
				Base,
			);
			mainGroup = CA56F8F528136E2600470A40;
			packageReferences = (
				CA9F57842817346500EE583D /* XCRemoteSwiftPackageReference "WrappingHStack" */,
				CA49CF5F282335DD0063B161 /* XCRemoteSwiftPackageReference "firebase-ios-sdk" */,
			);
			productRefGroup = CA56F8FF28136E2600470A40 /* Products */;
			projectDirPath = "";
			projectRoot = "";
			targets = (
				CA56F8FD28136E2600470A40 /* TUeats */,
			);
		};
/* End PBXProject section */

/* Begin PBXResourcesBuildPhase section */
		CA56F8FC28136E2600470A40 /* Resources */ = {
			isa = PBXResourcesBuildPhase;
			buildActionMask = 2147483647;
			files = (
				CA56F90928136E2800470A40 /* Preview Assets.xcassets in Resources */,
				CA56F90628136E2800470A40 /* Assets.xcassets in Resources */,
				CA49CF4528232F860063B161 /* GoogleService-Info.plist in Resources */,
			);
			runOnlyForDeploymentPostprocessing = 0;
		};
/* End PBXResourcesBuildPhase section */

/* Begin PBXSourcesBuildPhase section */
		CA56F8FA28136E2600470A40 /* Sources */ = {
			isa = PBXSourcesBuildPhase;
			buildActionMask = 2147483647;
			files = (
				CA9F57922819054F00EE583D /* CartScreen.swift in Sources */,
				CA56F90428136E2600470A40 /* ContentView.swift in Sources */,
				CA9F578E2819043900EE583D /* MainScreen.swift in Sources */,
				CA9F578A2818FF8900EE583D /* Data.swift in Sources */,
				CA56F90228136E2600470A40 /* TUeatsApp.swift in Sources */,
				CA56F9132813B84C00470A40 /* Extensions.swift in Sources */,
				CA001D132824461100736D2E /* CurrentOrderScreen.swift in Sources */,
				CA9F578C281903EF00EE583D /* LoginScreen.swift in Sources */,
				CA9F5790281904C500EE583D /* ProductScreen.swift in Sources */,
				CA001D15282453A200736D2E /* OrderInfoScreen.swift in Sources */,
				CA001D112824460300736D2E /* HelpScreen.swift in Sources */,
			);
			runOnlyForDeploymentPostprocessing = 0;
		};
/* End PBXSourcesBuildPhase section */

/* Begin XCBuildConfiguration section */
		CA56F90A28136E2800470A40 /* Debug */ = {
			isa = XCBuildConfiguration;
			buildSettings = {
				ALWAYS_SEARCH_USER_PATHS = NO;
				CLANG_ANALYZER_NONNULL = YES;
				CLANG_ANALYZER_NUMBER_OBJECT_CONVERSION = YES_AGGRESSIVE;
				CLANG_CXX_LANGUAGE_STANDARD = "gnu++17";
				CLANG_ENABLE_MODULES = YES;
				CLANG_ENABLE_OBJC_ARC = YES;
				CLANG_ENABLE_OBJC_WEAK = YES;
				CLANG_WARN_BLOCK_CAPTURE_AUTORELEASING = YES;
				CLANG_WARN_BOOL_CONVERSION = YES;
				CLANG_WARN_COMMA = YES;
				CLANG_WARN_CONSTANT_CONVERSION = YES;
				CLANG_WARN_DEPRECATED_OBJC_IMPLEMENTATIONS = YES;
				CLANG_WARN_DIRECT_OBJC_ISA_USAGE = YES_ERROR;
				CLANG_WARN_DOCUMENTATION_COMMENTS = YES;
				CLANG_WARN_EMPTY_BODY = YES;
				CLANG_WARN_ENUM_CONVERSION = YES;
				CLANG_WARN_INFINITE_RECURSION = YES;
				CLANG_WARN_INT_CONVERSION = YES;
				CLANG_WARN_NON_LITERAL_NULL_CONVERSION = YES;
				CLANG_WARN_OBJC_IMPLICIT_RETAIN_SELF = YES;
				CLANG_WARN_OBJC_LITERAL_CONVERSION = YES;
				CLANG_WARN_OBJC_ROOT_CLASS = YES_ERROR;
				CLANG_WARN_QUOTED_INCLUDE_IN_FRAMEWORK_HEADER = YES;
				CLANG_WARN_RANGE_LOOP_ANALYSIS = YES;
				CLANG_WARN_STRICT_PROTOTYPES = YES;
				CLANG_WARN_SUSPICIOUS_MOVE = YES;
				CLANG_WARN_UNGUARDED_AVAILABILITY = YES_AGGRESSIVE;
				CLANG_WARN_UNREACHABLE_CODE = YES;
				CLANG_WARN__DUPLICATE_METHOD_MATCH = YES;
				COPY_PHASE_STRIP = NO;
				DEBUG_INFORMATION_FORMAT = dwarf;
				ENABLE_STRICT_OBJC_MSGSEND = YES;
				ENABLE_TESTABILITY = YES;
				GCC_C_LANGUAGE_STANDARD = gnu11;
				GCC_DYNAMIC_NO_PIC = NO;
				GCC_NO_COMMON_BLOCKS = YES;
				GCC_OPTIMIZATION_LEVEL = 0;
				GCC_PREPROCESSOR_DEFINITIONS = (
					"DEBUG=1",
					"$(inherited)",
				);
				GCC_WARN_64_TO_32_BIT_CONVERSION = YES;
				GCC_WARN_ABOUT_RETURN_TYPE = YES_ERROR;
				GCC_WARN_UNDECLARED_SELECTOR = YES;
				GCC_WARN_UNINITIALIZED_AUTOS = YES_AGGRESSIVE;
				GCC_WARN_UNUSED_FUNCTION = YES;
				GCC_WARN_UNUSED_VARIABLE = YES;
				IPHONEOS_DEPLOYMENT_TARGET = 15.4;
				MTL_ENABLE_DEBUG_INFO = INCLUDE_SOURCE;
				MTL_FAST_MATH = YES;
				ONLY_ACTIVE_ARCH = YES;
				SDKROOT = iphoneos;
				SWIFT_ACTIVE_COMPILATION_CONDITIONS = DEBUG;
				SWIFT_OPTIMIZATION_LEVEL = "-Onone";
			};
			name = Debug;
		};
		CA56F90B28136E2800470A40 /* Release */ = {
			isa = XCBuildConfiguration;
			buildSettings = {
				ALWAYS_SEARCH_USER_PATHS = NO;
				CLANG_ANALYZER_NONNULL = YES;
				CLANG_ANALYZER_NUMBER_OBJECT_CONVERSION = YES_AGGRESSIVE;
				CLANG_CXX_LANGUAGE_STANDARD = "gnu++17";
				CLANG_ENABLE_MODULES = YES;
				CLANG_ENABLE_OBJC_ARC = YES;
				CLANG_ENABLE_OBJC_WEAK = YES;
				CLANG_WARN_BLOCK_CAPTURE_AUTORELEASING = YES;
				CLANG_WARN_BOOL_CONVERSION = YES;
				CLANG_WARN_COMMA = YES;
				CLANG_WARN_CONSTANT_CONVERSION = YES;
				CLANG_WARN_DEPRECATED_OBJC_IMPLEMENTATIONS = YES;
				CLANG_WARN_DIRECT_OBJC_ISA_USAGE = YES_ERROR;
				CLANG_WARN_DOCUMENTATION_COMMENTS = YES;
				CLANG_WARN_EMPTY_BODY = YES;
				CLANG_WARN_ENUM_CONVERSION = YES;
				CLANG_WARN_INFINITE_RECURSION = YES;
				CLANG_WARN_INT_CONVERSION = YES;
				CLANG_WARN_NON_LITERAL_NULL_CONVERSION = YES;
				CLANG_WARN_OBJC_IMPLICIT_RETAIN_SELF = YES;
				CLANG_WARN_OBJC_LITERAL_CONVERSION = YES;
				CLANG_WARN_OBJC_ROOT_CLASS = YES_ERROR;
				CLANG_WARN_QUOTED_INCLUDE_IN_FRAMEWORK_HEADER = YES;
				CLANG_WARN_RANGE_LOOP_ANALYSIS = YES;
				CLANG_WARN_STRICT_PROTOTYPES = YES;
				CLANG_WARN_SUSPICIOUS_MOVE = YES;
				CLANG_WARN_UNGUARDED_AVAILABILITY = YES_AGGRESSIVE;
				CLANG_WARN_UNREACHABLE_CODE = YES;
				CLANG_WARN__DUPLICATE_METHOD_MATCH = YES;
				COPY_PHASE_STRIP = NO;
				DEBUG_INFORMATION_FORMAT = "dwarf-with-dsym";
				ENABLE_NS_ASSERTIONS = NO;
				ENABLE_STRICT_OBJC_MSGSEND = YES;
				GCC_C_LANGUAGE_STANDARD = gnu11;
				GCC_NO_COMMON_BLOCKS = YES;
				GCC_WARN_64_TO_32_BIT_CONVERSION = YES;
				GCC_WARN_ABOUT_RETURN_TYPE = YES_ERROR;
				GCC_WARN_UNDECLARED_SELECTOR = YES;
				GCC_WARN_UNINITIALIZED_AUTOS = YES_AGGRESSIVE;
				GCC_WARN_UNUSED_FUNCTION = YES;
				GCC_WARN_UNUSED_VARIABLE = YES;
				IPHONEOS_DEPLOYMENT_TARGET = 15.4;
				MTL_ENABLE_DEBUG_INFO = NO;
				MTL_FAST_MATH = YES;
				SDKROOT = iphoneos;
				SWIFT_COMPILATION_MODE = wholemodule;
				SWIFT_OPTIMIZATION_LEVEL = "-O";
				VALIDATE_PRODUCT = YES;
			};
			name = Release;
		};
		CA56F90D28136E2800470A40 /* Debug */ = {
			isa = XCBuildConfiguration;
			buildSettings = {
				ASSETCATALOG_COMPILER_APPICON_NAME = AppIcon;
				ASSETCATALOG_COMPILER_GLOBAL_ACCENT_COLOR_NAME = AccentColor;
				CODE_SIGN_STYLE = Automatic;
				CURRENT_PROJECT_VERSION = 1;
				DEVELOPMENT_ASSET_PATHS = "\"TUeats/Preview Content\"";
				ENABLE_PREVIEWS = YES;
				GENERATE_INFOPLIST_FILE = YES;
				INFOPLIST_KEY_UIApplicationSceneManifest_Generation = YES;
				INFOPLIST_KEY_UIApplicationSupportsIndirectInputEvents = YES;
				INFOPLIST_KEY_UILaunchScreen_Generation = YES;
				INFOPLIST_KEY_UISupportedInterfaceOrientations_iPad = "UIInterfaceOrientationPortrait UIInterfaceOrientationPortraitUpsideDown UIInterfaceOrientationLandscapeLeft UIInterfaceOrientationLandscapeRight";
				INFOPLIST_KEY_UISupportedInterfaceOrientations_iPhone = "UIInterfaceOrientationPortrait UIInterfaceOrientationLandscapeLeft UIInterfaceOrientationLandscapeRight";
				LD_RUNPATH_SEARCH_PATHS = (
					"$(inherited)",
					"@executable_path/Frameworks",
				);
				MARKETING_VERSION = 1.0;
				PRODUCT_BUNDLE_IDENTIFIER = TUe.TUeats;
				PRODUCT_NAME = "$(TARGET_NAME)";
				SWIFT_EMIT_LOC_STRINGS = YES;
				SWIFT_VERSION = 5.0;
				TARGETED_DEVICE_FAMILY = "1,2";
			};
			name = Debug;
		};
		CA56F90E28136E2800470A40 /* Release */ = {
			isa = XCBuildConfiguration;
			buildSettings = {
				ASSETCATALOG_COMPILER_APPICON_NAME = AppIcon;
				ASSETCATALOG_COMPILER_GLOBAL_ACCENT_COLOR_NAME = AccentColor;
				CODE_SIGN_STYLE = Automatic;
				CURRENT_PROJECT_VERSION = 1;
				DEVELOPMENT_ASSET_PATHS = "\"TUeats/Preview Content\"";
				ENABLE_PREVIEWS = YES;
				GENERATE_INFOPLIST_FILE = YES;
				INFOPLIST_KEY_UIApplicationSceneManifest_Generation = YES;
				INFOPLIST_KEY_UIApplicationSupportsIndirectInputEvents = YES;
				INFOPLIST_KEY_UILaunchScreen_Generation = YES;
				INFOPLIST_KEY_UISupportedInterfaceOrientations_iPad = "UIInterfaceOrientationPortrait UIInterfaceOrientationPortraitUpsideDown UIInterfaceOrientationLandscapeLeft UIInterfaceOrientationLandscapeRight";
				INFOPLIST_KEY_UISupportedInterfaceOrientations_iPhone = "UIInterfaceOrientationPortrait UIInterfaceOrientationLandscapeLeft UIInterfaceOrientationLandscapeRight";
				LD_RUNPATH_SEARCH_PATHS = (
					"$(inherited)",
					"@executable_path/Frameworks",
				);
				MARKETING_VERSION = 1.0;
				PRODUCT_BUNDLE_IDENTIFIER = TUe.TUeats;
				PRODUCT_NAME = "$(TARGET_NAME)";
				SWIFT_EMIT_LOC_STRINGS = YES;
				SWIFT_VERSION = 5.0;
				TARGETED_DEVICE_FAMILY = "1,2";
			};
			name = Release;
		};
/* End XCBuildConfiguration section */

/* Begin XCConfigurationList section */
		CA56F8F928136E2600470A40 /* Build configuration list for PBXProject "TUeats" */ = {
			isa = XCConfigurationList;
			buildConfigurations = (
				CA56F90A28136E2800470A40 /* Debug */,
				CA56F90B28136E2800470A40 /* Release */,
			);
			defaultConfigurationIsVisible = 0;
			defaultConfigurationName = Release;
		};
		CA56F90C28136E2800470A40 /* Build configuration list for PBXNativeTarget "TUeats" */ = {
			isa = XCConfigurationList;
			buildConfigurations = (
				CA56F90D28136E2800470A40 /* Debug */,
				CA56F90E28136E2800470A40 /* Release */,
			);
			defaultConfigurationIsVisible = 0;
			defaultConfigurationName = Release;
		};
/* End XCConfigurationList section */

/* Begin XCRemoteSwiftPackageReference section */
		CA49CF5F282335DD0063B161 /* XCRemoteSwiftPackageReference "firebase-ios-sdk" */ = {
			isa = XCRemoteSwiftPackageReference;
			repositoryURL = "https://github.com/firebase/firebase-ios-sdk";
			requirement = {
				branch = master;
				kind = branch;
			};
		};
		CA9F57842817346500EE583D /* XCRemoteSwiftPackageReference "WrappingHStack" */ = {
			isa = XCRemoteSwiftPackageReference;
			repositoryURL = "https://github.com/dkk/WrappingHStack";
			requirement = {
				kind = upToNextMajorVersion;
				minimumVersion = 2.0.0;
			};
		};
/* End XCRemoteSwiftPackageReference section */

/* Begin XCSwiftPackageProductDependency section */
		CA49CF60282335DD0063B161 /* FirebaseAnalytics */ = {
			isa = XCSwiftPackageProductDependency;
			package = CA49CF5F282335DD0063B161 /* XCRemoteSwiftPackageReference "firebase-ios-sdk" */;
			productName = FirebaseAnalytics;
		};
		CA49CF62282335DD0063B161 /* FirebaseAnalyticsSwift */ = {
			isa = XCSwiftPackageProductDependency;
			package = CA49CF5F282335DD0063B161 /* XCRemoteSwiftPackageReference "firebase-ios-sdk" */;
			productName = FirebaseAnalyticsSwift;
		};
		CA49CF64282335DD0063B161 /* FirebaseDatabase */ = {
			isa = XCSwiftPackageProductDependency;
			package = CA49CF5F282335DD0063B161 /* XCRemoteSwiftPackageReference "firebase-ios-sdk" */;
			productName = FirebaseDatabase;
		};
		CA49CF66282335DD0063B161 /* FirebaseDatabaseSwift */ = {
			isa = XCSwiftPackageProductDependency;
			package = CA49CF5F282335DD0063B161 /* XCRemoteSwiftPackageReference "firebase-ios-sdk" */;
			productName = FirebaseDatabaseSwift;
		};
		CA9F57852817346500EE583D /* WrappingHStack */ = {
			isa = XCSwiftPackageProductDependency;
			package = CA9F57842817346500EE583D /* XCRemoteSwiftPackageReference "WrappingHStack" */;
			productName = WrappingHStack;
		};
/* End XCSwiftPackageProductDependency section */
	};
	rootObject = CA56F8F628136E2600470A40 /* Project object */;
}
